{
  "name": "AppDesafioEntrega",
  "version": "0.0.1",
  "lockfileVersion": 1,
  "requires": true,
  "dependencies": {
    "react-native-config": {
      "version": "0.11.5",
      "resolved": "https://registry.npmjs.org/react-native-config/-/react-native-config-0.11.5.tgz",
      "integrity": "sha512-u1ScTyJXsCZM8Kt8eVEZZw4vtbWOffwAv1HpMwGRRuerqQC99hTBOhFKGCvxPr6APHqYJO3vQYoad/Cjb5VGWw=="
    }
  }
}
